
Microsoft Visual Studio Solution File, Format Version 11.00
# Visual Studio 2010
Project("{FAE04EC0-301F-11D3-BF4B-00C04F79EFBC}") = "Digifarm", "Assembly-CSharp.csproj", "{263C952C-8F34-0650-A153-3E3A1939E49E}"
EndProject
Project("{FAE04EC0-301F-11D3-BF4B-00C04F79EFBC}") = "Digifarm", "Assembly-CSharp-Editor.csproj", "{45BD4E78-E7B9-2495-52CE-8D55E9085375}"
EndProject
Global
	GlobalSection(SolutionConfigurationPlatforms) = preSolution
		Debug|Any CPU = Debug|Any CPU
		Release|Any CPU = Release|Any CPU
	EndGlobalSection
	GlobalSection(ProjectConfigurationPlatforms) = postSolution
		{263C952C-8F34-0650-A153-3E3A1939E49E}.Debug|Any CPU.ActiveCfg = Debug|Any CPU
		{263C952C-8F34-0650-A153-3E3A1939E49E}.Debug|Any CPU.Build.0 = Debug|Any CPU
		{263C952C-8F34-0650-A153-3E3A1939E49E}.Release|Any CPU.ActiveCfg = Release|Any CPU
		{263C952C-8F34-0650-A153-3E3A1939E49E}.Release|Any CPU.Build.0 = Release|Any CPU
		{45BD4E78-E7B9-2495-52CE-8D55E9085375}.Debug|Any CPU.ActiveCfg = Debug|Any CPU
		{45BD4E78-E7B9-2495-52CE-8D55E9085375}.Debug|Any CPU.Build.0 = Debug|Any CPU
		{45BD4E78-E7B9-2495-52CE-8D55E9085375}.Release|Any CPU.ActiveCfg = Release|Any CPU
		{45BD4E78-E7B9-2495-52CE-8D55E9085375}.Release|Any CPU.Build.0 = Release|Any CPU
	EndGlobalSection
	GlobalSection(SolutionProperties) = preSolution
		HideSolutionNode = FALSE
	EndGlobalSection
	GlobalSection(MonoDevelopProperties) = preSolution
		StartupItem = Assembly-CSharp.csproj
	EndGlobalSection
EndGlobal
